// !$*UTF8*$!
{
	archiveVersion = 1;
	classes = {
	};
	objectVersion = 50;
	objects = {

/* Begin PBXBuildFile section */
		D508D5C0238270F3006AF384 /* AppDelegate.swift in Sources */ = {isa = PBXBuildFile; fileRef = D508D5BF238270F3006AF384 /* AppDelegate.swift */; };
		D508D5C2238270F3006AF384 /* SceneDelegate.swift in Sources */ = {isa = PBXBuildFile; fileRef = D508D5C1238270F3006AF384 /* SceneDelegate.swift */; };
		D508D5C7238270F3006AF384 /* Main.storyboard in Resources */ = {isa = PBXBuildFile; fileRef = D508D5C5238270F3006AF384 /* Main.storyboard */; };
		D508D5CA238270F3006AF384 /* Travelogue.xcdatamodeld in Sources */ = {isa = PBXBuildFile; fileRef = D508D5C8238270F3006AF384 /* Travelogue.xcdatamodeld */; };
		D508D5CC238270F5006AF384 /* Assets.xcassets in Resources */ = {isa = PBXBuildFile; fileRef = D508D5CB238270F5006AF384 /* Assets.xcassets */; };
		D508D5CF238270F5006AF384 /* LaunchScreen.storyboard in Resources */ = {isa = PBXBuildFile; fileRef = D508D5CD238270F5006AF384 /* LaunchScreen.storyboard */; };
		D508D5E7238278D0006AF384 /* TripTableViewController.swift in Sources */ = {isa = PBXBuildFile; fileRef = D508D5E6238278D0006AF384 /* TripTableViewController.swift */; };
		D508D5E9238278F3006AF384 /* EntryTableViewController.swift in Sources */ = {isa = PBXBuildFile; fileRef = D508D5E8238278F3006AF384 /* EntryTableViewController.swift */; };
		D508D5EB2382792A006AF384 /* SingleEntryViewController.swift in Sources */ = {isa = PBXBuildFile; fileRef = D508D5EA2382792A006AF384 /* SingleEntryViewController.swift */; };
		D508D5F023829452006AF384 /* Entry+CoreDataClass.swift in Sources */ = {isa = PBXBuildFile; fileRef = D508D5EC23829452006AF384 /* Entry+CoreDataClass.swift */; };
		D508D5F123829452006AF384 /* Entry+CoreDataProperties.swift in Sources */ = {isa = PBXBuildFile; fileRef = D508D5ED23829452006AF384 /* Entry+CoreDataProperties.swift */; };
		D508D5F223829452006AF384 /* Trip+CoreDataClass.swift in Sources */ = {isa = PBXBuildFile; fileRef = D508D5EE23829452006AF384 /* Trip+CoreDataClass.swift */; };
		D508D5F323829452006AF384 /* Trip+CoreDataProperties.swift in Sources */ = {isa = PBXBuildFile; fileRef = D508D5EF23829452006AF384 /* Trip+CoreDataProperties.swift */; };
/* End PBXBuildFile section */

/* Begin PBXFileReference section */
		D508D5BC238270F3006AF384 /* Travelogue.app */ = {isa = PBXFileReference; explicitFileType = wrapper.application; includeInIndex = 0; path = Travelogue.app; sourceTree = BUILT_PRODUCTS_DIR; };
		D508D5BF238270F3006AF384 /* AppDelegate.swift */ = {isa = PBXFileReference; lastKnownFileType = sourcecode.swift; path = AppDelegate.swift; sourceTree = "<group>"; };
		D508D5C1238270F3006AF384 /* SceneDelegate.swift */ = {isa = PBXFileReference; lastKnownFileType = sourcecode.swift; path = SceneDelegate.swift; sourceTree = "<group>"; };
		D508D5C6238270F3006AF384 /* Base */ = {isa = PBXFileReference; lastKnownFileType = file.storyboard; name = Base; path = Base.lproj/Main.storyboard; sourceTree = "<group>"; };
		D508D5C9238270F3006AF384 /* Travelogue.xcdatamodel */ = {isa = PBXFileReference; lastKnownFileType = wrapper.xcdatamodel; path = Travelogue.xcdatamodel; sourceTree = "<group>"; };
		D508D5CB238270F5006AF384 /* Assets.xcassets */ = {isa = PBXFileReference; lastKnownFileType = folder.assetcatalog; path = Assets.xcassets; sourceTree = "<group>"; };
		D508D5CE238270F5006AF384 /* Base */ = {isa = PBXFileReference; lastKnownFileType = file.storyboard; name = Base; path = Base.lproj/LaunchScreen.storyboard; sourceTree = "<group>"; };
		D508D5D0238270F5006AF384 /* Info.plist */ = {isa = PBXFileReference; lastKnownFileType = text.plist.xml; path = Info.plist; sourceTree = "<group>"; };
		D508D5E6238278D0006AF384 /* TripTableViewController.swift */ = {isa = PBXFileReference; lastKnownFileType = sourcecode.swift; path = TripTableViewController.swift; sourceTree = "<group>"; };
		D508D5E8238278F3006AF384 /* EntryTableViewController.swift */ = {isa = PBXFileReference; lastKnownFileType = sourcecode.swift; path = EntryTableViewController.swift; sourceTree = "<group>"; };
		D508D5EA2382792A006AF384 /* SingleEntryViewController.swift */ = {isa = PBXFileReference; lastKnownFileType = sourcecode.swift; path = SingleEntryViewController.swift; sourceTree = "<group>"; };
		D508D5EC23829452006AF384 /* Entry+CoreDataClass.swift */ = {isa = PBXFileReference; lastKnownFileType = sourcecode.swift; path = "Entry+CoreDataClass.swift"; sourceTree = "<group>"; };
		D508D5ED23829452006AF384 /* Entry+CoreDataProperties.swift */ = {isa = PBXFileReference; lastKnownFileType = sourcecode.swift; path = "Entry+CoreDataProperties.swift"; sourceTree = "<group>"; };
		D508D5EE23829452006AF384 /* Trip+CoreDataClass.swift */ = {isa = PBXFileReference; lastKnownFileType = sourcecode.swift; path = "Trip+CoreDataClass.swift"; sourceTree = "<group>"; };
		D508D5EF23829452006AF384 /* Trip+CoreDataProperties.swift */ = {isa = PBXFileReference; lastKnownFileType = sourcecode.swift; path = "Trip+CoreDataProperties.swift"; sourceTree = "<group>"; };
/* End PBXFileReference section */

/* Begin PBXFrameworksBuildPhase section */
		D508D5B9238270F3006AF384 /* Frameworks */ = {
			isa = PBXFrameworksBuildPhase;
			buildActionMask = 2147483647;
			files = (
			);
			runOnlyForDeploymentPostprocessing = 0;
		};
/* End PBXFrameworksBuildPhase section */

/* Begin PBXGroup section */
		D508D5B3238270F3006AF384 = {
			isa = PBXGroup;
			children = (
				D508D5BE238270F3006AF384 /* Travelogue */,
				D508D5BD238270F3006AF384 /* Products */,
			);
			sourceTree = "<group>";
		};
		D508D5BD238270F3006AF384 /* Products */ = {
			isa = PBXGroup;
			children = (
				D508D5BC238270F3006AF384 /* Travelogue.app */,
			);
			name = Products;
			sourceTree = "<group>";
		};
		D508D5BE238270F3006AF384 /* Travelogue */ = {
			isa = PBXGroup;
			children = (
				D508D5EC23829452006AF384 /* Entry+CoreDataClass.swift */,
				D508D5ED23829452006AF384 /* Entry+CoreDataProperties.swift */,
				D508D5EE23829452006AF384 /* Trip+CoreDataClass.swift */,
				D508D5EF23829452006AF384 /* Trip+CoreDataProperties.swift */,
				D508D5BF238270F3006AF384 /* AppDelegate.swift */,
				D508D5C1238270F3006AF384 /* SceneDelegate.swift */,
				D508D5C5238270F3006AF384 /* Main.storyboard */,
				D508D5E6238278D0006AF384 /* TripTableViewController.swift */,
				D508D5E8238278F3006AF384 /* EntryTableViewController.swift */,
				D508D5EA2382792A006AF384 /* SingleEntryViewController.swift */,
				D508D5C8238270F3006AF384 /* Travelogue.xcdatamodeld */,
				D508D5CB238270F5006AF384 /* Assets.xcassets */,
				D508D5CD238270F5006AF384 /* LaunchScreen.storyboard */,
				D508D5D0238270F5006AF384 /* Info.plist */,
			);
			path = Travelogue;
			sourceTree = "<group>";
		};
/* End PBXGroup section */

/* Begin PBXNativeTarget section */
		D508D5BB238270F3006AF384 /* Travelogue */ = {
			isa = PBXNativeTarget;
			buildConfigurationList = D508D5D3238270F5006AF384 /* Build configuration list for PBXNativeTarget "Travelogue" */;
			buildPhases = (
				D508D5B8238270F3006AF384 /* Sources */,
				D508D5B9238270F3006AF384 /* Frameworks */,
				D508D5BA238270F3006AF384 /* Resources */,
			);
			buildRules = (
			);
			dependencies = (
			);
			name = Travelogue;
			productName = Travelogue;
			productReference = D508D5BC238270F3006AF384 /* Travelogue.app */;
			productType = "com.apple.product-type.application";
		};
/* End PBXNativeTarget section */

/* Begin PBXProject section */
		D508D5B4238270F3006AF384 /* Project object */ = {
			isa = PBXProject;
			attributes = {
				LastSwiftUpdateCheck = 1110;
				LastUpgradeCheck = 1110;
				ORGANIZATIONNAME = "Megan Wilson";
				TargetAttributes = {
					D508D5BB238270F3006AF384 = {
						CreatedOnToolsVersion = 11.1;
					};
				};
			};
			buildConfigurationList = D508D5B7238270F3006AF384 /* Build configuration list for PBXProject "Travelogue" */;
			compatibilityVersion = "Xcode 9.3";
			developmentRegion = en;
			hasScannedForEncodings = 0;
			knownRegions = (
				en,
				Base,
			);
			mainGroup = D508D5B3238270F3006AF384;
			productRefGroup = D508D5BD238270F3006AF384 /* Products */;
			projectDirPath = "";
			projectRoot = "";
			targets = (
				D508D5BB238270F3006AF384 /* Travelogue */,
			);
		};
/* End PBXProject section */

/* Begin PBXResourcesBuildPhase section */
		D508D5BA238270F3006AF384 /* Resources */ = {
			isa = PBXResourcesBuildPhase;
			buildActionMask = 2147483647;
			files = (
				D508D5CF238270F5006AF384 /* LaunchScreen.storyboard in Resources */,
				D508D5CC238270F5006AF384 /* Assets.xcassets in Resources */,
				D508D5C7238270F3006AF384 /* Main.storyboard in Resources */,
			);
			runOnlyForDeploymentPostprocessing = 0;
		};
/* End PBXResourcesBuildPhase section */

/* Begin PBXSourcesBuildPhase section */
		D508D5B8238270F3006AF384 /* Sources */ = {
			isa = PBXSourcesBuildPhase;
			buildActionMask = 2147483647;
			files = (
				D508D5CA238270F3006AF384 /* Travelogue.xcdatamodeld in Sources */,
				D508D5C0238270F3006AF384 /* AppDelegate.swift in Sources */,
				D508D5F023829452006AF384 /* Entry+CoreDataClass.swift in Sources */,
				D508D5C2238270F3006AF384 /* SceneDelegate.swift in Sources */,
				D508D5E7238278D0006AF384 /* TripTableViewController.swift in Sources */,
				D508D5EB2382792A006AF384 /* SingleEntryViewController.swift in Sources */,
				D508D5F123829452006AF384 /* Entry+CoreDataProperties.swift in Sources */,
				D508D5F223829452006AF384 /* Trip+CoreDataClass.swift in Sources */,
				D508D5F323829452006AF384 /* Trip+CoreDataProperties.swift in Sources */,
				D508D5E9238278F3006AF384 /* EntryTableViewController.swift in Sources */,
			);
			runOnlyForDeploymentPostprocessing = 0;
		};
/* End PBXSourcesBuildPhase section */

/* Begin PBXVariantGroup section */
		D508D5C5238270F3006AF384 /* Main.storyboard */ = {
			isa = PBXVariantGroup;
			children = (
				D508D5C6238270F3006AF384 /* Base */,
			);
			name = Main.storyboard;
			sourceTree = "<group>";
		};
		D508D5CD238270F5006AF384 /* LaunchScreen.storyboard */ = {
			isa = PBXVariantGroup;
			children = (
				D508D5CE238270F5006AF384 /* Base */,
			);
			name = LaunchScreen.storyboard;
			sourceTree = "<group>";
		};
/* End PBXVariantGroup section */

/* Begin XCBuildConfiguration section */
		D508D5D1238270F5006AF384 /* Debug */ = {
			isa = XCBuildConfiguration;
			buildSettings = {
				ALWAYS_SEARCH_USER_PATHS = NO;
				CLANG_ANALYZER_NONNULL = YES;
				CLANG_ANALYZER_NUMBER_OBJECT_CONVERSION = YES_AGGRESSIVE;
				CLANG_CXX_LANGUAGE_STANDARD = "gnu++14";
				CLANG_CXX_LIBRARY = "libc++";
				CLANG_ENABLE_MODULES = YES;
				CLANG_ENABLE_OBJC_ARC = YES;
				CLANG_ENABLE_OBJC_WEAK = YES;
				CLANG_WARN_BLOCK_CAPTURE_AUTORELEASING = YES;
				CLANG_WARN_BOOL_CONVERSION = YES;
				CLANG_WARN_COMMA = YES;
				CLANG_WARN_CONSTANT_CONVERSION = YES;
				CLANG_WARN_DEPRECATED_OBJC_IMPLEMENTATIONS = YES;
				CLANG_WARN_DIRECT_OBJC_ISA_USAGE = YES_ERROR;
				CLANG_WARN_DOCUMENTATION_COMMENTS = YES;
				CLANG_WARN_EMPTY_BODY = YES;
				CLANG_WARN_ENUM_CONVERSION = YES;
				CLANG_WARN_INFINITE_RECURSION = YES;
				CLANG_WARN_INT_CONVERSION = YES;
				CLANG_WARN_NON_LITERAL_NULL_CONVERSION = YES;
				CLANG_WARN_OBJC_IMPLICIT_RETAIN_SELF = YES;
				CLANG_WARN_OBJC_LITERAL_CONVERSION = YES;
				CLANG_WARN_OBJC_ROOT_CLASS = YES_ERROR;
				CLANG_WARN_RANGE_LOOP_ANALYSIS = YES;
				CLANG_WARN_STRICT_PROTOTYPES = YES;
				CLANG_WARN_SUSPICIOUS_MOVE = YES;
				CLANG_WARN_UNGUARDED_AVAILABILITY = YES_AGGRESSIVE;
				CLANG_WARN_UNREACHABLE_CODE = YES;
				CLANG_WARN__DUPLICATE_METHOD_MATCH = YES;
				COPY_PHASE_STRIP = NO;
				DEBUG_INFORMATION_FORMAT = dwarf;
				ENABLE_STRICT_OBJC_MSGSEND = YES;
				ENABLE_TESTABILITY = YES;
				GCC_C_LANGUAGE_STANDARD = gnu11;
				GCC_DYNAMIC_NO_PIC = NO;
				GCC_NO_COMMON_BLOCKS = YES;
				GCC_OPTIMIZATION_LEVEL = 0;
				GCC_PREPROCESSOR_DEFINITIONS = (
					"DEBUG=1",
					"$(inherited)",
				);
				GCC_WARN_64_TO_32_BIT_CONVERSION = YES;
				GCC_WARN_ABOUT_RETURN_TYPE = YES_ERROR;
				GCC_WARN_UNDECLARED_SELECTOR = YES;
				GCC_WARN_UNINITIALIZED_AUTOS = YES_AGGRESSIVE;
				GCC_WARN_UNUSED_FUNCTION = YES;
				GCC_WARN_UNUSED_VARIABLE = YES;
				IPHONEOS_DEPLOYMENT_TARGET = 13.1;
				MTL_ENABLE_DEBUG_INFO = INCLUDE_SOURCE;
				MTL_FAST_MATH = YES;
				ONLY_ACTIVE_ARCH = YES;
				SDKROOT = iphoneos;
				SWIFT_ACTIVE_COMPILATION_CONDITIONS = DEBUG;
				SWIFT_OPTIMIZATION_LEVEL = "-Onone";
			};
			name = Debug;
		};
		D508D5D2238270F5006AF384 /* Release */ = {
			isa = XCBuildConfiguration;
			buildSettings = {
				ALWAYS_SEARCH_USER_PATHS = NO;
				CLANG_ANALYZER_NONNULL = YES;
				CLANG_ANALYZER_NUMBER_OBJECT_CONVERSION = YES_AGGRESSIVE;
				CLANG_CXX_LANGUAGE_STANDARD = "gnu++14";
				CLANG_CXX_LIBRARY = "libc++";
				CLANG_ENABLE_MODULES = YES;
				CLANG_ENABLE_OBJC_ARC = YES;
				CLANG_ENABLE_OBJC_WEAK = YES;
				CLANG_WARN_BLOCK_CAPTURE_AUTORELEASING = YES;
				CLANG_WARN_BOOL_CONVERSION = YES;
				CLANG_WARN_COMMA = YES;
				CLANG_WARN_CONSTANT_CONVERSION = YES;
				CLANG_WARN_DEPRECATED_OBJC_IMPLEMENTATIONS = YES;
				CLANG_WARN_DIRECT_OBJC_ISA_USAGE = YES_ERROR;
				CLANG_WARN_DOCUMENTATION_COMMENTS = YES;
				CLANG_WARN_EMPTY_BODY = YES;
				CLANG_WARN_ENUM_CONVERSION = YES;
				CLANG_WARN_INFINITE_RECURSION = YES;
				CLANG_WARN_INT_CONVERSION = YES;
				CLANG_WARN_NON_LITERAL_NULL_CONVERSION = YES;
				CLANG_WARN_OBJC_IMPLICIT_RETAIN_SELF = YES;
				CLANG_WARN_OBJC_LITERAL_CONVERSION = YES;
				CLANG_WARN_OBJC_ROOT_CLASS = YES_ERROR;
				CLANG_WARN_RANGE_LOOP_ANALYSIS = YES;
				CLANG_WARN_STRICT_PROTOTYPES = YES;
				CLANG_WARN_SUSPICIOUS_MOVE = YES;
				CLANG_WARN_UNGUARDED_AVAILABILITY = YES_AGGRESSIVE;
				CLANG_WARN_UNREACHABLE_CODE = YES;
				CLANG_WARN__DUPLICATE_METHOD_MATCH = YES;
				COPY_PHASE_STRIP = NO;
				DEBUG_INFORMATION_FORMAT = "dwarf-with-dsym";
				ENABLE_NS_ASSERTIONS = NO;
				ENABLE_STRICT_OBJC_MSGSEND = YES;
				GCC_C_LANGUAGE_STANDARD = gnu11;
				GCC_NO_COMMON_BLOCKS = YES;
				GCC_WARN_64_TO_32_BIT_CONVERSION = YES;
				GCC_WARN_ABOUT_RETURN_TYPE = YES_ERROR;
				GCC_WARN_UNDECLARED_SELECTOR = YES;
				GCC_WARN_UNINITIALIZED_AUTOS = YES_AGGRESSIVE;
				GCC_WARN_UNUSED_FUNCTION = YES;
				GCC_WARN_UNUSED_VARIABLE = YES;
				IPHONEOS_DEPLOYMENT_TARGET = 13.1;
				MTL_ENABLE_DEBUG_INFO = NO;
				MTL_FAST_MATH = YES;
				SDKROOT = iphoneos;
				SWIFT_COMPILATION_MODE = wholemodule;
				SWIFT_OPTIMIZATION_LEVEL = "-O";
				VALIDATE_PRODUCT = YES;
			};
			name = Release;
		};
		D508D5D4238270F5006AF384 /* Debug */ = {
			isa = XCBuildConfiguration;
			buildSettings = {
				ASSETCATALOG_COMPILER_APPICON_NAME = AppIcon;
				CODE_SIGN_STYLE = Automatic;
				DEVELOPMENT_TEAM = 6N54P4PZYL;
				INFOPLIST_FILE = Travelogue/Info.plist;
				LD_RUNPATH_SEARCH_PATHS = (
					"$(inherited)",
					"@executable_path/Frameworks",
				);
				PRODUCT_BUNDLE_IDENTIFIER = tl.Travelogue;
				PRODUCT_NAME = "$(TARGET_NAME)";
				SWIFT_VERSION = 5.0;
				TARGETED_DEVICE_FAMILY = "1,2";
			};
			name = Debug;
		};
		D508D5D5238270F5006AF384 /* Release */ = {
			isa = XCBuildConfiguration;
			buildSettings = {
				ASSETCATALOG_COMPILER_APPICON_NAME = AppIcon;
				CODE_SIGN_STYLE = Automatic;
				DEVELOPMENT_TEAM = 6N54P4PZYL;
				INFOPLIST_FILE = Travelogue/Info.plist;
				LD_RUNPATH_SEARCH_PATHS = (
					"$(inherited)",
					"@executable_path/Frameworks",
				);
				PRODUCT_BUNDLE_IDENTIFIER = tl.Travelogue;
				PRODUCT_NAME = "$(TARGET_NAME)";
				SWIFT_VERSION = 5.0;
				TARGETED_DEVICE_FAMILY = "1,2";
			};
			name = Release;
		};
/* End XCBuildConfiguration section */

/* Begin XCConfigurationList section */
		D508D5B7238270F3006AF384 /* Build configuration list for PBXProject "Travelogue" */ = {
			isa = XCConfigurationList;
			buildConfigurations = (
				D508D5D1238270F5006AF384 /* Debug */,
				D508D5D2238270F5006AF384 /* Release */,
			);
			defaultConfigurationIsVisible = 0;
			defaultConfigurationName = Release;
		};
		D508D5D3238270F5006AF384 /* Build configuration list for PBXNativeTarget "Travelogue" */ = {
			isa = XCConfigurationList;
			buildConfigurations = (
				D508D5D4238270F5006AF384 /* Debug */,
				D508D5D5238270F5006AF384 /* Release */,
			);
			defaultConfigurationIsVisible = 0;
			defaultConfigurationName = Release;
		};
/* End XCConfigurationList section */

/* Begin XCVersionGroup section */
		D508D5C8238270F3006AF384 /* Travelogue.xcdatamodeld */ = {
			isa = XCVersionGroup;
			children = (
				D508D5C9238270F3006AF384 /* Travelogue.xcdatamodel */,
			);
			currentVersion = D508D5C9238270F3006AF384 /* Travelogue.xcdatamodel */;
			path = Travelogue.xcdatamodeld;
			sourceTree = "<group>";
			versionGroupType = wrapper.xcdatamodel;
		};
/* End XCVersionGroup section */
	};
	rootObject = D508D5B4238270F3006AF384 /* Project object */;
}
